<?xml version="1.0" encoding="utf-8"?>
<Project ToolsVersion="18.0" xmlns="http://schemas.microsoft.com/developer/msbuild/2003">
  <ItemGroup>
    <CustomBuild Include="C:\Users\MrIvo\Github\IVOESimpleFences\IVOEFences\build-vs18\CMakeFiles\80cab97cf56d3e912e0b89f07953e297\generate.stamp.rule">
      <Filter>CMake Rules</Filter>
    </CustomBuild>
  </ItemGroup>
  <ItemGroup>
    <Filter Include="CMake Rules">
      <UniqueIdentifier>{84E945EB-7A58-3589-82B6-8AD14B78F720}</UniqueIdentifier>
    </Filter>
  </ItemGroup>
</Project>
